
Microsoft Visual Studio Solution File, Format Version 12.00
# Visual Studio Version 17
VisualStudioVersion = 17.14.36511.14
MinimumVisualStudioVersion = 10.0.40219.1
Project("{FAE04EC0-301F-11D3-BF4B-00C04F79EFBC}") = "AuthApi.API", "src\AuthApi.API\AuthApi.API.csproj", "{5BAD46E8-48B2-4E47-85CC-EB3159F538F7}"
EndProject
Project("{FAE04EC0-301F-11D3-BF4B-00C04F79EFBC}") = "AuthApi.Application", "src\AuthApi.Application\AuthApi.Application.csproj", "{FC619A88-45E0-468F-A47C-49F6602ECFE2}"
EndProject
Project("{FAE04EC0-301F-11D3-BF4B-00C04F79EFBC}") = "AuthApi.Domain", "src\AuthApi.Domain\AuthApi.Domain.csproj", "{E6EC891C-6CE1-4F16-B2AB-7444244913D0}"
EndProject
Project("{FAE04EC0-301F-11D3-BF4B-00C04F79EFBC}") = "AuthApi.Infrastructure", "src\AuthApi.Infrastructure\AuthApi.Infrastructure.csproj", "{1C216412-01A1-4E2F-B36B-0D7833758139}"
EndProject
Project("{2150E333-8FDC-42A3-9474-1A3956D46DE8}") = "src", "src", "{02EA681E-C7D8-13C7-8484-4AC65E1B71E8}"
	ProjectSection(SolutionItems) = preProject
		.gitignore = .gitignore
		docker-compose.yml = docker-compose.yml
	EndProjectSection
EndProject
Global
	GlobalSection(SolutionConfigurationPlatforms) = preSolution
		Debug|Any CPU = Debug|Any CPU
		Release|Any CPU = Release|Any CPU
	EndGlobalSection
	GlobalSection(ProjectConfigurationPlatforms) = postSolution
		{5BAD46E8-48B2-4E47-85CC-EB3159F538F7}.Debug|Any CPU.ActiveCfg = Debug|Any CPU
		{5BAD46E8-48B2-4E47-85CC-EB3159F538F7}.Debug|Any CPU.Build.0 = Debug|Any CPU
		{5BAD46E8-48B2-4E47-85CC-EB3159F538F7}.Release|Any CPU.ActiveCfg = Release|Any CPU
		{5BAD46E8-48B2-4E47-85CC-EB3159F538F7}.Release|Any CPU.Build.0 = Release|Any CPU
		{FC619A88-45E0-468F-A47C-49F6602ECFE2}.Debug|Any CPU.ActiveCfg = Debug|Any CPU
		{FC619A88-45E0-468F-A47C-49F6602ECFE2}.Debug|Any CPU.Build.0 = Debug|Any CPU
		{FC619A88-45E0-468F-A47C-49F6602ECFE2}.Release|Any CPU.ActiveCfg = Release|Any CPU
		{FC619A88-45E0-468F-A47C-49F6602ECFE2}.Release|Any CPU.Build.0 = Release|Any CPU
		{E6EC891C-6CE1-4F16-B2AB-7444244913D0}.Debug|Any CPU.ActiveCfg = Debug|Any CPU
		{E6EC891C-6CE1-4F16-B2AB-7444244913D0}.Debug|Any CPU.Build.0 = Debug|Any CPU
		{E6EC891C-6CE1-4F16-B2AB-7444244913D0}.Release|Any CPU.ActiveCfg = Release|Any CPU
		{E6EC891C-6CE1-4F16-B2AB-7444244913D0}.Release|Any CPU.Build.0 = Release|Any CPU
		{1C216412-01A1-4E2F-B36B-0D7833758139}.Debug|Any CPU.ActiveCfg = Debug|Any CPU
		{1C216412-01A1-4E2F-B36B-0D7833758139}.Debug|Any CPU.Build.0 = Debug|Any CPU
		{1C216412-01A1-4E2F-B36B-0D7833758139}.Release|Any CPU.ActiveCfg = Release|Any CPU
		{1C216412-01A1-4E2F-B36B-0D7833758139}.Release|Any CPU.Build.0 = Release|Any CPU
	EndGlobalSection
	GlobalSection(SolutionProperties) = preSolution
		HideSolutionNode = FALSE
	EndGlobalSection
	GlobalSection(NestedProjects) = preSolution
		{5BAD46E8-48B2-4E47-85CC-EB3159F538F7} = {02EA681E-C7D8-13C7-8484-4AC65E1B71E8}
		{FC619A88-45E0-468F-A47C-49F6602ECFE2} = {02EA681E-C7D8-13C7-8484-4AC65E1B71E8}
		{E6EC891C-6CE1-4F16-B2AB-7444244913D0} = {02EA681E-C7D8-13C7-8484-4AC65E1B71E8}
		{1C216412-01A1-4E2F-B36B-0D7833758139} = {02EA681E-C7D8-13C7-8484-4AC65E1B71E8}
	EndGlobalSection
	GlobalSection(ExtensibilityGlobals) = postSolution
		SolutionGuid = {5EBED4FE-667F-4B57-96D3-E850661F8DD5}
	EndGlobalSection
EndGlobal
